// !$*UTF8*$!
{
	archiveVersion = 1;
	classes = {
	};
	objectVersion = 46;
	objects = {

/* Begin PBXBuildFile section */
		910CC2F61EBB4EAF00B0A6A6 /* Pokemon.ttf in Resources */ = {isa = PBXBuildFile; fileRef = 910CC2F51EBB4EAF00B0A6A6 /* Pokemon.ttf */; };
		910CC2FA1EBB56F300B0A6A6 /* music.mp3 in Resources */ = {isa = PBXBuildFile; fileRef = 910CC2F91EBB56F300B0A6A6 /* music.mp3 */; };
		91667EAF1EBCA9550071F04B /* Constants.swift in Sources */ = {isa = PBXBuildFile; fileRef = 91667EAE1EBCA9550071F04B /* Constants.swift */; };
		918D78E91EBC6BAD0062E165 /* PokemonDetailVC.swift in Sources */ = {isa = PBXBuildFile; fileRef = 918D78E81EBC6BAD0062E165 /* PokemonDetailVC.swift */; };
		91AE33291EB8DC79005B8496 /* csv.swift in Sources */ = {isa = PBXBuildFile; fileRef = 91AE33281EB8DC79005B8496 /* csv.swift */; };
		91F614481EB74BA500A6F599 /* AppDelegate.swift in Sources */ = {isa = PBXBuildFile; fileRef = 91F614471EB74BA500A6F599 /* AppDelegate.swift */; };
		91F6144A1EB74BA500A6F599 /* ViewController.swift in Sources */ = {isa = PBXBuildFile; fileRef = 91F614491EB74BA500A6F599 /* ViewController.swift */; };
		91F6144D1EB74BA500A6F599 /* Main.storyboard in Resources */ = {isa = PBXBuildFile; fileRef = 91F6144B1EB74BA500A6F599 /* Main.storyboard */; };
		91F614501EB74BA500A6F599 /* Pokelist.xcdatamodeld in Sources */ = {isa = PBXBuildFile; fileRef = 91F6144E1EB74BA500A6F599 /* Pokelist.xcdatamodeld */; };
		91F614521EB74BA500A6F599 /* Assets.xcassets in Resources */ = {isa = PBXBuildFile; fileRef = 91F614511EB74BA500A6F599 /* Assets.xcassets */; };
		91F614551EB74BA500A6F599 /* LaunchScreen.storyboard in Resources */ = {isa = PBXBuildFile; fileRef = 91F614531EB74BA500A6F599 /* LaunchScreen.storyboard */; };
		91F6145D1EB75C2D00A6F599 /* pokemon.csv in Resources */ = {isa = PBXBuildFile; fileRef = 91F6145C1EB75C2D00A6F599 /* pokemon.csv */; };
		91F614621EB7B21500A6F599 /* Pokemon.swift in Sources */ = {isa = PBXBuildFile; fileRef = 91F614611EB7B21500A6F599 /* Pokemon.swift */; };
		91F614651EB7B78E00A6F599 /* PokeCell.swift in Sources */ = {isa = PBXBuildFile; fileRef = 91F614641EB7B78E00A6F599 /* PokeCell.swift */; };
		9E5205C018DDAD966CB9E404 /* Pods_Pokelist.framework in Frameworks */ = {isa = PBXBuildFile; fileRef = 20F502E6173D269EC88C6C06 /* Pods_Pokelist.framework */; };
/* End PBXBuildFile section */

/* Begin PBXFileReference section */
		20F502E6173D269EC88C6C06 /* Pods_Pokelist.framework */ = {isa = PBXFileReference; explicitFileType = wrapper.framework; includeInIndex = 0; path = Pods_Pokelist.framework; sourceTree = BUILT_PRODUCTS_DIR; };
		7E61C79D91DB5707976269D2 /* Pods-Pokelist.debug.xcconfig */ = {isa = PBXFileReference; includeInIndex = 1; lastKnownFileType = text.xcconfig; name = "Pods-Pokelist.debug.xcconfig"; path = "Pods/Target Support Files/Pods-Pokelist/Pods-Pokelist.debug.xcconfig"; sourceTree = "<group>"; };
		8416F2CA4E318FEC4BCD8E06 /* Pods-Pokelist.release.xcconfig */ = {isa = PBXFileReference; includeInIndex = 1; lastKnownFileType = text.xcconfig; name = "Pods-Pokelist.release.xcconfig"; path = "Pods/Target Support Files/Pods-Pokelist/Pods-Pokelist.release.xcconfig"; sourceTree = "<group>"; };
		910CC2F51EBB4EAF00B0A6A6 /* Pokemon.ttf */ = {isa = PBXFileReference; lastKnownFileType = file; path = Pokemon.ttf; sourceTree = "<group>"; };
		910CC2F91EBB56F300B0A6A6 /* music.mp3 */ = {isa = PBXFileReference; lastKnownFileType = audio.mp3; path = music.mp3; sourceTree = "<group>"; };
		91667EAE1EBCA9550071F04B /* Constants.swift */ = {isa = PBXFileReference; fileEncoding = 4; lastKnownFileType = sourcecode.swift; path = Constants.swift; sourceTree = "<group>"; };
		918D78E81EBC6BAD0062E165 /* PokemonDetailVC.swift */ = {isa = PBXFileReference; fileEncoding = 4; lastKnownFileType = sourcecode.swift; path = PokemonDetailVC.swift; sourceTree = "<group>"; };
		91AE33281EB8DC79005B8496 /* csv.swift */ = {isa = PBXFileReference; fileEncoding = 4; lastKnownFileType = sourcecode.swift; path = csv.swift; sourceTree = "<group>"; };
		91F614441EB74BA500A6F599 /* Pokelist.app */ = {isa = PBXFileReference; explicitFileType = wrapper.application; includeInIndex = 0; path = Pokelist.app; sourceTree = BUILT_PRODUCTS_DIR; };
		91F614471EB74BA500A6F599 /* AppDelegate.swift */ = {isa = PBXFileReference; lastKnownFileType = sourcecode.swift; path = AppDelegate.swift; sourceTree = "<group>"; };
		91F614491EB74BA500A6F599 /* ViewController.swift */ = {isa = PBXFileReference; lastKnownFileType = sourcecode.swift; path = ViewController.swift; sourceTree = "<group>"; };
		91F6144C1EB74BA500A6F599 /* Base */ = {isa = PBXFileReference; lastKnownFileType = file.storyboard; name = Base; path = Base.lproj/Main.storyboard; sourceTree = "<group>"; };
		91F6144F1EB74BA500A6F599 /* Pokelist.xcdatamodel */ = {isa = PBXFileReference; lastKnownFileType = wrapper.xcdatamodel; path = Pokelist.xcdatamodel; sourceTree = "<group>"; };
		91F614511EB74BA500A6F599 /* Assets.xcassets */ = {isa = PBXFileReference; lastKnownFileType = folder.assetcatalog; path = Assets.xcassets; sourceTree = "<group>"; };
		91F614541EB74BA500A6F599 /* Base */ = {isa = PBXFileReference; lastKnownFileType = file.storyboard; name = Base; path = Base.lproj/LaunchScreen.storyboard; sourceTree = "<group>"; };
		91F614561EB74BA500A6F599 /* Info.plist */ = {isa = PBXFileReference; lastKnownFileType = text.plist.xml; path = Info.plist; sourceTree = "<group>"; };
		91F6145C1EB75C2D00A6F599 /* pokemon.csv */ = {isa = PBXFileReference; fileEncoding = 4; lastKnownFileType = text; path = pokemon.csv; sourceTree = "<group>"; };
		91F614611EB7B21500A6F599 /* Pokemon.swift */ = {isa = PBXFileReference; fileEncoding = 4; lastKnownFileType = sourcecode.swift; path = Pokemon.swift; sourceTree = "<group>"; };
		91F614641EB7B78E00A6F599 /* PokeCell.swift */ = {isa = PBXFileReference; fileEncoding = 4; lastKnownFileType = sourcecode.swift; path = PokeCell.swift; sourceTree = "<group>"; };
/* End PBXFileReference section */

/* Begin PBXFrameworksBuildPhase section */
		91F614411EB74BA500A6F599 /* Frameworks */ = {
			isa = PBXFrameworksBuildPhase;
			buildActionMask = 2147483647;
			files = (
				9E5205C018DDAD966CB9E404 /* Pods_Pokelist.framework in Frameworks */,
			);
			runOnlyForDeploymentPostprocessing = 0;
		};
/* End PBXFrameworksBuildPhase section */

/* Begin PBXGroup section */
		4006988534EF6E562129B84D /* Pods */ = {
			isa = PBXGroup;
			children = (
				7E61C79D91DB5707976269D2 /* Pods-Pokelist.debug.xcconfig */,
				8416F2CA4E318FEC4BCD8E06 /* Pods-Pokelist.release.xcconfig */,
			);
			name = Pods;
			sourceTree = "<group>";
		};
		72761B2D018333E0ACA7D068 /* Frameworks */ = {
			isa = PBXGroup;
			children = (
				20F502E6173D269EC88C6C06 /* Pods_Pokelist.framework */,
			);
			name = Frameworks;
			sourceTree = "<group>";
		};
		910CC2F21EBB4E4400B0A6A6 /* Controller */ = {
			isa = PBXGroup;
			children = (
				91F614491EB74BA500A6F599 /* ViewController.swift */,
				918D78E81EBC6BAD0062E165 /* PokemonDetailVC.swift */,
			);
			name = Controller;
			sourceTree = "<group>";
		};
		910CC2F31EBB4E4E00B0A6A6 /* Utilities */ = {
			isa = PBXGroup;
			children = (
				91AE33281EB8DC79005B8496 /* csv.swift */,
				91667EAE1EBCA9550071F04B /* Constants.swift */,
			);
			name = Utilities;
			sourceTree = "<group>";
		};
		910CC2F41EBB4E6E00B0A6A6 /* Resources */ = {
			isa = PBXGroup;
			children = (
				910CC2F91EBB56F300B0A6A6 /* music.mp3 */,
				910CC2F51EBB4EAF00B0A6A6 /* Pokemon.ttf */,
				91F6145C1EB75C2D00A6F599 /* pokemon.csv */,
			);
			name = Resources;
			sourceTree = "<group>";
		};
		91F6143B1EB74BA500A6F599 = {
			isa = PBXGroup;
			children = (
				91F614461EB74BA500A6F599 /* Pokelist */,
				91F614451EB74BA500A6F599 /* Products */,
				4006988534EF6E562129B84D /* Pods */,
				72761B2D018333E0ACA7D068 /* Frameworks */,
			);
			sourceTree = "<group>";
		};
		91F614451EB74BA500A6F599 /* Products */ = {
			isa = PBXGroup;
			children = (
				91F614441EB74BA500A6F599 /* Pokelist.app */,
			);
			name = Products;
			sourceTree = "<group>";
		};
		91F614461EB74BA500A6F599 /* Pokelist */ = {
			isa = PBXGroup;
			children = (
				91F6145E1EB7B1E100A6F599 /* Model */,
				91F614631EB7B76100A6F599 /* View */,
				910CC2F21EBB4E4400B0A6A6 /* Controller */,
				91F614471EB74BA500A6F599 /* AppDelegate.swift */,
				910CC2F31EBB4E4E00B0A6A6 /* Utilities */,
				910CC2F41EBB4E6E00B0A6A6 /* Resources */,
				91F6144B1EB74BA500A6F599 /* Main.storyboard */,
				91F614511EB74BA500A6F599 /* Assets.xcassets */,
				91F614531EB74BA500A6F599 /* LaunchScreen.storyboard */,
				91F614561EB74BA500A6F599 /* Info.plist */,
				91F6144E1EB74BA500A6F599 /* Pokelist.xcdatamodeld */,
			);
			path = Pokelist;
			sourceTree = "<group>";
		};
		91F6145E1EB7B1E100A6F599 /* Model */ = {
			isa = PBXGroup;
			children = (
				91F614611EB7B21500A6F599 /* Pokemon.swift */,
			);
			name = Model;
			sourceTree = "<group>";
		};
		91F614631EB7B76100A6F599 /* View */ = {
			isa = PBXGroup;
			children = (
				91F614641EB7B78E00A6F599 /* PokeCell.swift */,
			);
			name = View;
			sourceTree = "<group>";
		};
/* End PBXGroup section */

/* Begin PBXNativeTarget section */
		91F614431EB74BA500A6F599 /* Pokelist */ = {
			isa = PBXNativeTarget;
			buildConfigurationList = 91F614591EB74BA500A6F599 /* Build configuration list for PBXNativeTarget "Pokelist" */;
			buildPhases = (
				E799004DDBEF75C4D639F76F /* [CP] Check Pods Manifest.lock */,
				91F614401EB74BA500A6F599 /* Sources */,
				91F614411EB74BA500A6F599 /* Frameworks */,
				91F614421EB74BA500A6F599 /* Resources */,
				0EBA857BF23398FD55699170 /* [CP] Embed Pods Frameworks */,
				C1FB205EA503DFA2C31F1FAF /* [CP] Copy Pods Resources */,
			);
			buildRules = (
			);
			dependencies = (
			);
			name = Pokelist;
			productName = Pokelist;
			productReference = 91F614441EB74BA500A6F599 /* Pokelist.app */;
			productType = "com.apple.product-type.application";
		};
/* End PBXNativeTarget section */

/* Begin PBXProject section */
		91F6143C1EB74BA500A6F599 /* Project object */ = {
			isa = PBXProject;
			attributes = {
				LastSwiftUpdateCheck = 0810;
				LastUpgradeCheck = 0810;
				ORGANIZATIONNAME = "Hitender Thejaswi";
				TargetAttributes = {
					91F614431EB74BA500A6F599 = {
						CreatedOnToolsVersion = 8.1;
						LastSwiftMigration = 0810;
						ProvisioningStyle = Automatic;
					};
				};
			};
			buildConfigurationList = 91F6143F1EB74BA500A6F599 /* Build configuration list for PBXProject "Pokelist" */;
			compatibilityVersion = "Xcode 3.2";
			developmentRegion = English;
			hasScannedForEncodings = 0;
			knownRegions = (
				en,
				Base,
			);
			mainGroup = 91F6143B1EB74BA500A6F599;
			productRefGroup = 91F614451EB74BA500A6F599 /* Products */;
			projectDirPath = "";
			projectRoot = "";
			targets = (
				91F614431EB74BA500A6F599 /* Pokelist */,
			);
		};
/* End PBXProject section */

/* Begin PBXResourcesBuildPhase section */
		91F614421EB74BA500A6F599 /* Resources */ = {
			isa = PBXResourcesBuildPhase;
			buildActionMask = 2147483647;
			files = (
				910CC2F61EBB4EAF00B0A6A6 /* Pokemon.ttf in Resources */,
				91F614551EB74BA500A6F599 /* LaunchScreen.storyboard in Resources */,
				910CC2FA1EBB56F300B0A6A6 /* music.mp3 in Resources */,
				91F614521EB74BA500A6F599 /* Assets.xcassets in Resources */,
				91F6145D1EB75C2D00A6F599 /* pokemon.csv in Resources */,
				91F6144D1EB74BA500A6F599 /* Main.storyboard in Resources */,
			);
			runOnlyForDeploymentPostprocessing = 0;
		};
/* End PBXResourcesBuildPhase section */

/* Begin PBXShellScriptBuildPhase section */
		0EBA857BF23398FD55699170 /* [CP] Embed Pods Frameworks */ = {
			isa = PBXShellScriptBuildPhase;
			buildActionMask = 2147483647;
			files = (
			);
			inputPaths = (
			);
			name = "[CP] Embed Pods Frameworks";
			outputPaths = (
			);
			runOnlyForDeploymentPostprocessing = 0;
			shellPath = /bin/sh;
			shellScript = "\"${SRCROOT}/Pods/Target Support Files/Pods-Pokelist/Pods-Pokelist-frameworks.sh\"\n";
			showEnvVarsInLog = 0;
		};
		C1FB205EA503DFA2C31F1FAF /* [CP] Copy Pods Resources */ = {
			isa = PBXShellScriptBuildPhase;
			buildActionMask = 2147483647;
			files = (
			);
			inputPaths = (
			);
			name = "[CP] Copy Pods Resources";
			outputPaths = (
			);
			runOnlyForDeploymentPostprocessing = 0;
			shellPath = /bin/sh;
			shellScript = "\"${SRCROOT}/Pods/Target Support Files/Pods-Pokelist/Pods-Pokelist-resources.sh\"\n";
			showEnvVarsInLog = 0;
		};
		E799004DDBEF75C4D639F76F /* [CP] Check Pods Manifest.lock */ = {
			isa = PBXShellScriptBuildPhase;
			buildActionMask = 2147483647;
			files = (
			);
			inputPaths = (
			);
			name = "[CP] Check Pods Manifest.lock";
			outputPaths = (
			);
			runOnlyForDeploymentPostprocessing = 0;
			shellPath = /bin/sh;
			shellScript = "diff \"${PODS_PODFILE_DIR_PATH}/Podfile.lock\" \"${PODS_ROOT}/Manifest.lock\" > /dev/null\nif [ $? != 0 ] ; then\n    # print error to STDERR\n    echo \"error: The sandbox is not in sync with the Podfile.lock. Run 'pod install' or update your CocoaPods installation.\" >&2\n    exit 1\nfi\n";
			showEnvVarsInLog = 0;
		};
/* End PBXShellScriptBuildPhase section */

/* Begin PBXSourcesBuildPhase section */
		91F614401EB74BA500A6F599 /* Sources */ = {
			isa = PBXSourcesBuildPhase;
			buildActionMask = 2147483647;
			files = (
				91AE33291EB8DC79005B8496 /* csv.swift in Sources */,
				91F6144A1EB74BA500A6F599 /* ViewController.swift in Sources */,
				91F614621EB7B21500A6F599 /* Pokemon.swift in Sources */,
				91F614481EB74BA500A6F599 /* AppDelegate.swift in Sources */,
				918D78E91EBC6BAD0062E165 /* PokemonDetailVC.swift in Sources */,
				91F614501EB74BA500A6F599 /* Pokelist.xcdatamodeld in Sources */,
				91F614651EB7B78E00A6F599 /* PokeCell.swift in Sources */,
				91667EAF1EBCA9550071F04B /* Constants.swift in Sources */,
			);
			runOnlyForDeploymentPostprocessing = 0;
		};
/* End PBXSourcesBuildPhase section */

/* Begin PBXVariantGroup section */
		91F6144B1EB74BA500A6F599 /* Main.storyboard */ = {
			isa = PBXVariantGroup;
			children = (
				91F6144C1EB74BA500A6F599 /* Base */,
			);
			name = Main.storyboard;
			sourceTree = "<group>";
		};
		91F614531EB74BA500A6F599 /* LaunchScreen.storyboard */ = {
			isa = PBXVariantGroup;
			children = (
				91F614541EB74BA500A6F599 /* Base */,
			);
			name = LaunchScreen.storyboard;
			sourceTree = "<group>";
		};
/* End PBXVariantGroup section */

/* Begin XCBuildConfiguration section */
		91F614571EB74BA500A6F599 /* Debug */ = {
			isa = XCBuildConfiguration;
			buildSettings = {
				ALWAYS_SEARCH_USER_PATHS = NO;
				CLANG_ANALYZER_NONNULL = YES;
				CLANG_CXX_LANGUAGE_STANDARD = "gnu++0x";
				CLANG_CXX_LIBRARY = "libc++";
				CLANG_ENABLE_MODULES = YES;
				CLANG_ENABLE_OBJC_ARC = YES;
				CLANG_WARN_BOOL_CONVERSION = YES;
				CLANG_WARN_CONSTANT_CONVERSION = YES;
				CLANG_WARN_DIRECT_OBJC_ISA_USAGE = YES_ERROR;
				CLANG_WARN_DOCUMENTATION_COMMENTS = YES;
				CLANG_WARN_EMPTY_BODY = YES;
				CLANG_WARN_ENUM_CONVERSION = YES;
				CLANG_WARN_INFINITE_RECURSION = YES;
				CLANG_WARN_INT_CONVERSION = YES;
				CLANG_WARN_OBJC_ROOT_CLASS = YES_ERROR;
				CLANG_WARN_SUSPICIOUS_MOVES = YES;
				CLANG_WARN_UNREACHABLE_CODE = YES;
				CLANG_WARN__DUPLICATE_METHOD_MATCH = YES;
				"CODE_SIGN_IDENTITY[sdk=iphoneos*]" = "iPhone Developer";
				COPY_PHASE_STRIP = NO;
				DEBUG_INFORMATION_FORMAT = dwarf;
				ENABLE_STRICT_OBJC_MSGSEND = YES;
				ENABLE_TESTABILITY = YES;
				GCC_C_LANGUAGE_STANDARD = gnu99;
				GCC_DYNAMIC_NO_PIC = NO;
				GCC_NO_COMMON_BLOCKS = YES;
				GCC_OPTIMIZATION_LEVEL = 0;
				GCC_PREPROCESSOR_DEFINITIONS = (
					"DEBUG=1",
					"$(inherited)",
				);
				GCC_WARN_64_TO_32_BIT_CONVERSION = YES;
				GCC_WARN_ABOUT_RETURN_TYPE = YES_ERROR;
				GCC_WARN_UNDECLARED_SELECTOR = YES;
				GCC_WARN_UNINITIALIZED_AUTOS = YES_AGGRESSIVE;
				GCC_WARN_UNUSED_FUNCTION = YES;
				GCC_WARN_UNUSED_VARIABLE = YES;
				IPHONEOS_DEPLOYMENT_TARGET = 10.1;
				MTL_ENABLE_DEBUG_INFO = YES;
				ONLY_ACTIVE_ARCH = YES;
				SDKROOT = iphoneos;
				SWIFT_ACTIVE_COMPILATION_CONDITIONS = DEBUG;
				SWIFT_OPTIMIZATION_LEVEL = "-Onone";
				TARGETED_DEVICE_FAMILY = "1,2";
			};
			name = Debug;
		};
		91F614581EB74BA500A6F599 /* Release */ = {
			isa = XCBuildConfiguration;
			buildSettings = {
				ALWAYS_SEARCH_USER_PATHS = NO;
				CLANG_ANALYZER_NONNULL = YES;
				CLANG_CXX_LANGUAGE_STANDARD = "gnu++0x";
				CLANG_CXX_LIBRARY = "libc++";
				CLANG_ENABLE_MODULES = YES;
				CLANG_ENABLE_OBJC_ARC = YES;
				CLANG_WARN_BOOL_CONVERSION = YES;
				CLANG_WARN_CONSTANT_CONVERSION = YES;
				CLANG_WARN_DIRECT_OBJC_ISA_USAGE = YES_ERROR;
				CLANG_WARN_DOCUMENTATION_COMMENTS = YES;
				CLANG_WARN_EMPTY_BODY = YES;
				CLANG_WARN_ENUM_CONVERSION = YES;
				CLANG_WARN_INFINITE_RECURSION = YES;
				CLANG_WARN_INT_CONVERSION = YES;
				CLANG_WARN_OBJC_ROOT_CLASS = YES_ERROR;
				CLANG_WARN_SUSPICIOUS_MOVES = YES;
				CLANG_WARN_UNREACHABLE_CODE = YES;
				CLANG_WARN__DUPLICATE_METHOD_MATCH = YES;
				"CODE_SIGN_IDENTITY[sdk=iphoneos*]" = "iPhone Developer";
				COPY_PHASE_STRIP = NO;
				DEBUG_INFORMATION_FORMAT = "dwarf-with-dsym";
				ENABLE_NS_ASSERTIONS = NO;
				ENABLE_STRICT_OBJC_MSGSEND = YES;
				GCC_C_LANGUAGE_STANDARD = gnu99;
				GCC_NO_COMMON_BLOCKS = YES;
				GCC_WARN_64_TO_32_BIT_CONVERSION = YES;
				GCC_WARN_ABOUT_RETURN_TYPE = YES_ERROR;
				GCC_WARN_UNDECLARED_SELECTOR = YES;
				GCC_WARN_UNINITIALIZED_AUTOS = YES_AGGRESSIVE;
				GCC_WARN_UNUSED_FUNCTION = YES;
				GCC_WARN_UNUSED_VARIABLE = YES;
				IPHONEOS_DEPLOYMENT_TARGET = 10.1;
				MTL_ENABLE_DEBUG_INFO = NO;
				SDKROOT = iphoneos;
				SWIFT_OPTIMIZATION_LEVEL = "-Owholemodule";
				TARGETED_DEVICE_FAMILY = "1,2";
				VALIDATE_PRODUCT = YES;
			};
			name = Release;
		};
		91F6145A1EB74BA500A6F599 /* Debug */ = {
			isa = XCBuildConfiguration;
			baseConfigurationReference = 7E61C79D91DB5707976269D2 /* Pods-Pokelist.debug.xcconfig */;
			buildSettings = {
				ASSETCATALOG_COMPILER_APPICON_NAME = AppIcon;
				INFOPLIST_FILE = Pokelist/Info.plist;
				LD_RUNPATH_SEARCH_PATHS = "$(inherited) @executable_path/Frameworks";
				PRODUCT_BUNDLE_IDENTIFIER = com.xotographers.Pokelist;
				PRODUCT_NAME = "$(TARGET_NAME)";
				SWIFT_VERSION = 3.0;
			};
			name = Debug;
		};
		91F6145B1EB74BA500A6F599 /* Release */ = {
			isa = XCBuildConfiguration;
			baseConfigurationReference = 8416F2CA4E318FEC4BCD8E06 /* Pods-Pokelist.release.xcconfig */;
			buildSettings = {
				ASSETCATALOG_COMPILER_APPICON_NAME = AppIcon;
				INFOPLIST_FILE = Pokelist/Info.plist;
				LD_RUNPATH_SEARCH_PATHS = "$(inherited) @executable_path/Frameworks";
				PRODUCT_BUNDLE_IDENTIFIER = com.xotographers.Pokelist;
				PRODUCT_NAME = "$(TARGET_NAME)";
				SWIFT_VERSION = 3.0;
			};
			name = Release;
		};
/* End XCBuildConfiguration section */

/* Begin XCConfigurationList section */
		91F6143F1EB74BA500A6F599 /* Build configuration list for PBXProject "Pokelist" */ = {
			isa = XCConfigurationList;
			buildConfigurations = (
				91F614571EB74BA500A6F599 /* Debug */,
				91F614581EB74BA500A6F599 /* Release */,
			);
			defaultConfigurationIsVisible = 0;
			defaultConfigurationName = Release;
		};
		91F614591EB74BA500A6F599 /* Build configuration list for PBXNativeTarget "Pokelist" */ = {
			isa = XCConfigurationList;
			buildConfigurations = (
				91F6145A1EB74BA500A6F599 /* Debug */,
				91F6145B1EB74BA500A6F599 /* Release */,
			);
			defaultConfigurationIsVisible = 0;
			defaultConfigurationName = Release;
		};
/* End XCConfigurationList section */

/* Begin XCVersionGroup section */
		91F6144E1EB74BA500A6F599 /* Pokelist.xcdatamodeld */ = {
			isa = XCVersionGroup;
			children = (
				91F6144F1EB74BA500A6F599 /* Pokelist.xcdatamodel */,
			);
			currentVersion = 91F6144F1EB74BA500A6F599 /* Pokelist.xcdatamodel */;
			path = Pokelist.xcdatamodeld;
			sourceTree = "<group>";
			versionGroupType = wrapper.xcdatamodel;
		};
/* End XCVersionGroup section */
	};
	rootObject = 91F6143C1EB74BA500A6F599 /* Project object */;
}
